
Microsoft Visual Studio Solution File, Format Version 12.00
# Visual Studio Version 17
VisualStudioVersion = 17.1.32421.90
MinimumVisualStudioVersion = 10.0.40219.1
Project("{FAE04EC0-301F-11D3-BF4B-00C04F79EFBC}") = "Subnet-Calculator", "Subnet-Calculator.csproj", "{77CF7F39-1158-42E0-8932-4FABF2FB16CE}"
EndProject
Global
	GlobalSection(SolutionConfigurationPlatforms) = preSolution
		Debug|Any CPU = Debug|Any CPU
		Release|Any CPU = Release|Any CPU
	EndGlobalSection
	GlobalSection(ProjectConfigurationPlatforms) = postSolution
		{77CF7F39-1158-42E0-8932-4FABF2FB16CE}.Debug|Any CPU.ActiveCfg = Debug|Any CPU
		{77CF7F39-1158-42E0-8932-4FABF2FB16CE}.Debug|Any CPU.Build.0 = Debug|Any CPU
		{77CF7F39-1158-42E0-8932-4FABF2FB16CE}.Release|Any CPU.ActiveCfg = Release|Any CPU
		{77CF7F39-1158-42E0-8932-4FABF2FB16CE}.Release|Any CPU.Build.0 = Release|Any CPU
	EndGlobalSection
	GlobalSection(SolutionProperties) = preSolution
		HideSolutionNode = FALSE
	EndGlobalSection
	GlobalSection(ExtensibilityGlobals) = postSolution
		SolutionGuid = {0B3A65D4-64A4-4B50-8480-F65EF84FF28B}
	EndGlobalSection
EndGlobal
